
Microsoft Visual Studio Solution File, Format Version 12.00
# Visual Studio Version 16
VisualStudioVersion = 16.0.30128.74
MinimumVisualStudioVersion = 10.0.40219.1
Project("{8BC9CEB8-8B4A-11D0-8D11-00A0C91BC942}") = "模板初步案例_选择排序", "模板初步案例_选择排序.vcxproj", "{ABF61754-DE50-4423-944A-C4425654A31B}"
EndProject
Global
	GlobalSection(SolutionConfigurationPlatforms) = preSolution
		Debug|x64 = Debug|x64
		Debug|x86 = Debug|x86
		Release|x64 = Release|x64
		Release|x86 = Release|x86
	EndGlobalSection
	GlobalSection(ProjectConfigurationPlatforms) = postSolution
		{ABF61754-DE50-4423-944A-C4425654A31B}.Debug|x64.ActiveCfg = Debug|x64
		{ABF61754-DE50-4423-944A-C4425654A31B}.Debug|x64.Build.0 = Debug|x64
		{ABF61754-DE50-4423-944A-C4425654A31B}.Debug|x86.ActiveCfg = Debug|Win32
		{ABF61754-DE50-4423-944A-C4425654A31B}.Debug|x86.Build.0 = Debug|Win32
		{ABF61754-DE50-4423-944A-C4425654A31B}.Release|x64.ActiveCfg = Release|x64
		{ABF61754-DE50-4423-944A-C4425654A31B}.Release|x64.Build.0 = Release|x64
		{ABF61754-DE50-4423-944A-C4425654A31B}.Release|x86.ActiveCfg = Release|Win32
		{ABF61754-DE50-4423-944A-C4425654A31B}.Release|x86.Build.0 = Release|Win32
	EndGlobalSection
	GlobalSection(SolutionProperties) = preSolution
		HideSolutionNode = FALSE
	EndGlobalSection
	GlobalSection(ExtensibilityGlobals) = postSolution
		SolutionGuid = {184E895D-EC48-47DA-8713-76CE3A51A2A5}
	EndGlobalSection
EndGlobal
